
Microsoft Visual Studio Solution File, Format Version 12.00
# Visual Studio Version 16
VisualStudioVersion = 16.0.30011.22
MinimumVisualStudioVersion = 10.0.40219.1
Project("{FAE04EC0-301F-11D3-BF4B-00C04F79EFBC}") = "ContactsBook.UI", "ContactsBook\ContactsBook.UI.csproj", "{138816EE-DF57-4768-911B-E72896B5D5BA}"
	ProjectSection(ProjectDependencies) = postProject
		{4F12F2C2-DAA3-4F50-9EC8-5357663F939D} = {4F12F2C2-DAA3-4F50-9EC8-5357663F939D}
	EndProjectSection
EndProject
Project("{FAE04EC0-301F-11D3-BF4B-00C04F79EFBC}") = "ContactsBook.Domain", "Domain\ContactsBook.Domain.csproj", "{2E925525-443A-4532-807B-EF0C8C0B2103}"
EndProject
Project("{2150E333-8FDC-42A3-9474-1A3956D46DE8}") = "01_Domain", "01_Domain", "{42668248-37B2-4E89-A506-05EC154D2F16}"
EndProject
Project("{2150E333-8FDC-42A3-9474-1A3956D46DE8}") = "02_Infrastructure", "02_Infrastructure", "{AE184C9F-26D1-4C4C-AB0F-FF76631E47AB}"
EndProject
Project("{FAE04EC0-301F-11D3-BF4B-00C04F79EFBC}") = "ContactsBook.Infrastructure", "Infrastructure\ContactsBook.Infrastructure.csproj", "{F61A1573-5AE4-4E99-AE92-86FEAC29EA9F}"
EndProject
Project("{2150E333-8FDC-42A3-9474-1A3956D46DE8}") = "03_ViewModels", "03_ViewModels", "{B6DAB201-B802-439B-AE91-A8F55CCF41E6}"
EndProject
Project("{FAE04EC0-301F-11D3-BF4B-00C04F79EFBC}") = "ContactsBook.ViewModels", "ViewModels\ContactsBook.ViewModels.csproj", "{7AF887D1-5EE2-4F6C-AC16-0BD7AD838F2C}"
	ProjectSection(ProjectDependencies) = postProject
		{2E925525-443A-4532-807B-EF0C8C0B2103} = {2E925525-443A-4532-807B-EF0C8C0B2103}
	EndProjectSection
EndProject
Project("{2150E333-8FDC-42A3-9474-1A3956D46DE8}") = "04_ResourceLibrary", "04_ResourceLibrary", "{1BA5F1CA-70E7-40F6-9D63-C66A82CCC9D7}"
EndProject
Project("{FAE04EC0-301F-11D3-BF4B-00C04F79EFBC}") = "ContactsBook.Resources", "ContactsBook.Resources\ContactsBook.Resources.csproj", "{4F12F2C2-DAA3-4F50-9EC8-5357663F939D}"
EndProject
Project("{2150E333-8FDC-42A3-9474-1A3956D46DE8}") = "05_Design", "05_Design", "{877754E9-8585-4BCE-BF69-8595FDB79E7B}"
EndProject
Project("{FAE04EC0-301F-11D3-BF4B-00C04F79EFBC}") = "ContactsBook.Design", "ContactsBook.Design\ContactsBook.Design.csproj", "{C93B5F62-C860-47B2-8CDC-03B54BE76815}"
EndProject
Project("{2150E333-8FDC-42A3-9474-1A3956D46DE8}") = "Infrastructure", "Infrastructure", "{7A4BBB1F-2D74-48EA-8A78-8F5770C9F5A0}"
EndProject
Project("{2150E333-8FDC-42A3-9474-1A3956D46DE8}") = "Locator", "Locator", "{E4F2A29A-2C48-4D4C-ACD0-3B2D690F4F3A}"
EndProject
Project("{FAE04EC0-301F-11D3-BF4B-00C04F79EFBC}") = "ContactsBook.Locator", "ContactsBook.Locator\ContactsBook.Locator.csproj", "{811FCD67-EA1C-4F3A-8908-7251AE7B1221}"
EndProject
Project("{2150E333-8FDC-42A3-9474-1A3956D46DE8}") = "Helpers", "Helpers", "{EEE02B88-21FD-4AE6-8566-6AD31D54D1F9}"
EndProject
Project("{FAE04EC0-301F-11D3-BF4B-00C04F79EFBC}") = "ContactsBook.Helpers", "ContactsBook.Helpers\ContactsBook.Helpers.csproj", "{BFDCC687-6173-4AF2-936B-06DA793B6486}"
EndProject
Global
	GlobalSection(SolutionConfigurationPlatforms) = preSolution
		Debug|Any CPU = Debug|Any CPU
		Release|Any CPU = Release|Any CPU
	EndGlobalSection
	GlobalSection(ProjectConfigurationPlatforms) = postSolution
		{138816EE-DF57-4768-911B-E72896B5D5BA}.Debug|Any CPU.ActiveCfg = Debug|Any CPU
		{138816EE-DF57-4768-911B-E72896B5D5BA}.Debug|Any CPU.Build.0 = Debug|Any CPU
		{138816EE-DF57-4768-911B-E72896B5D5BA}.Release|Any CPU.ActiveCfg = Release|Any CPU
		{138816EE-DF57-4768-911B-E72896B5D5BA}.Release|Any CPU.Build.0 = Release|Any CPU
		{2E925525-443A-4532-807B-EF0C8C0B2103}.Debug|Any CPU.ActiveCfg = Debug|Any CPU
		{2E925525-443A-4532-807B-EF0C8C0B2103}.Debug|Any CPU.Build.0 = Debug|Any CPU
		{2E925525-443A-4532-807B-EF0C8C0B2103}.Release|Any CPU.ActiveCfg = Release|Any CPU
		{2E925525-443A-4532-807B-EF0C8C0B2103}.Release|Any CPU.Build.0 = Release|Any CPU
		{F61A1573-5AE4-4E99-AE92-86FEAC29EA9F}.Debug|Any CPU.ActiveCfg = Debug|Any CPU
		{F61A1573-5AE4-4E99-AE92-86FEAC29EA9F}.Debug|Any CPU.Build.0 = Debug|Any CPU
		{F61A1573-5AE4-4E99-AE92-86FEAC29EA9F}.Release|Any CPU.ActiveCfg = Release|Any CPU
		{F61A1573-5AE4-4E99-AE92-86FEAC29EA9F}.Release|Any CPU.Build.0 = Release|Any CPU
		{7AF887D1-5EE2-4F6C-AC16-0BD7AD838F2C}.Debug|Any CPU.ActiveCfg = Debug|Any CPU
		{7AF887D1-5EE2-4F6C-AC16-0BD7AD838F2C}.Debug|Any CPU.Build.0 = Debug|Any CPU
		{7AF887D1-5EE2-4F6C-AC16-0BD7AD838F2C}.Release|Any CPU.ActiveCfg = Release|Any CPU
		{7AF887D1-5EE2-4F6C-AC16-0BD7AD838F2C}.Release|Any CPU.Build.0 = Release|Any CPU
		{4F12F2C2-DAA3-4F50-9EC8-5357663F939D}.Debug|Any CPU.ActiveCfg = Debug|Any CPU
		{4F12F2C2-DAA3-4F50-9EC8-5357663F939D}.Debug|Any CPU.Build.0 = Debug|Any CPU
		{4F12F2C2-DAA3-4F50-9EC8-5357663F939D}.Release|Any CPU.ActiveCfg = Release|Any CPU
		{4F12F2C2-DAA3-4F50-9EC8-5357663F939D}.Release|Any CPU.Build.0 = Release|Any CPU
		{C93B5F62-C860-47B2-8CDC-03B54BE76815}.Debug|Any CPU.ActiveCfg = Debug|Any CPU
		{C93B5F62-C860-47B2-8CDC-03B54BE76815}.Debug|Any CPU.Build.0 = Debug|Any CPU
		{C93B5F62-C860-47B2-8CDC-03B54BE76815}.Release|Any CPU.ActiveCfg = Release|Any CPU
		{C93B5F62-C860-47B2-8CDC-03B54BE76815}.Release|Any CPU.Build.0 = Release|Any CPU
		{811FCD67-EA1C-4F3A-8908-7251AE7B1221}.Debug|Any CPU.ActiveCfg = Debug|Any CPU
		{811FCD67-EA1C-4F3A-8908-7251AE7B1221}.Debug|Any CPU.Build.0 = Debug|Any CPU
		{811FCD67-EA1C-4F3A-8908-7251AE7B1221}.Release|Any CPU.ActiveCfg = Release|Any CPU
		{811FCD67-EA1C-4F3A-8908-7251AE7B1221}.Release|Any CPU.Build.0 = Release|Any CPU
		{BFDCC687-6173-4AF2-936B-06DA793B6486}.Debug|Any CPU.ActiveCfg = Debug|Any CPU
		{BFDCC687-6173-4AF2-936B-06DA793B6486}.Debug|Any CPU.Build.0 = Debug|Any CPU
		{BFDCC687-6173-4AF2-936B-06DA793B6486}.Release|Any CPU.ActiveCfg = Release|Any CPU
		{BFDCC687-6173-4AF2-936B-06DA793B6486}.Release|Any CPU.Build.0 = Release|Any CPU
	EndGlobalSection
	GlobalSection(SolutionProperties) = preSolution
		HideSolutionNode = FALSE
	EndGlobalSection
	GlobalSection(NestedProjects) = preSolution
		{2E925525-443A-4532-807B-EF0C8C0B2103} = {42668248-37B2-4E89-A506-05EC154D2F16}
		{F61A1573-5AE4-4E99-AE92-86FEAC29EA9F} = {7A4BBB1F-2D74-48EA-8A78-8F5770C9F5A0}
		{7AF887D1-5EE2-4F6C-AC16-0BD7AD838F2C} = {B6DAB201-B802-439B-AE91-A8F55CCF41E6}
		{4F12F2C2-DAA3-4F50-9EC8-5357663F939D} = {1BA5F1CA-70E7-40F6-9D63-C66A82CCC9D7}
		{C93B5F62-C860-47B2-8CDC-03B54BE76815} = {877754E9-8585-4BCE-BF69-8595FDB79E7B}
		{7A4BBB1F-2D74-48EA-8A78-8F5770C9F5A0} = {AE184C9F-26D1-4C4C-AB0F-FF76631E47AB}
		{E4F2A29A-2C48-4D4C-ACD0-3B2D690F4F3A} = {AE184C9F-26D1-4C4C-AB0F-FF76631E47AB}
		{811FCD67-EA1C-4F3A-8908-7251AE7B1221} = {E4F2A29A-2C48-4D4C-ACD0-3B2D690F4F3A}
		{EEE02B88-21FD-4AE6-8566-6AD31D54D1F9} = {AE184C9F-26D1-4C4C-AB0F-FF76631E47AB}
		{BFDCC687-6173-4AF2-936B-06DA793B6486} = {EEE02B88-21FD-4AE6-8566-6AD31D54D1F9}
	EndGlobalSection
	GlobalSection(ExtensibilityGlobals) = postSolution
		SolutionGuid = {9C89EFF4-BDFA-4EF4-BD8C-BA6759E4FF7E}
	EndGlobalSection
EndGlobal
